// !$*UTF8*$!
{
	archiveVersion = 1;
	classes = {
	};
	objectVersion = 48;
	objects = {

/* Begin PBXBuildFile section */
		02611D941EEA5317009714B8 /* AppDelegate.swift in Sources */ = {isa = PBXBuildFile; fileRef = 02611D931EEA5317009714B8 /* AppDelegate.swift */; };
		02611D961EEA5317009714B8 /* ViewController.swift in Sources */ = {isa = PBXBuildFile; fileRef = 02611D951EEA5317009714B8 /* ViewController.swift */; };
		02611D991EEA5317009714B8 /* Main.storyboard in Resources */ = {isa = PBXBuildFile; fileRef = 02611D971EEA5317009714B8 /* Main.storyboard */; };
		02611D9B1EEA5317009714B8 /* Assets.xcassets in Resources */ = {isa = PBXBuildFile; fileRef = 02611D9A1EEA5317009714B8 /* Assets.xcassets */; };
		02611D9E1EEA5317009714B8 /* LaunchScreen.storyboard in Resources */ = {isa = PBXBuildFile; fileRef = 02611D9C1EEA5317009714B8 /* LaunchScreen.storyboard */; };
		02611DA61EEA5683009714B8 /* PreviewView.swift in Sources */ = {isa = PBXBuildFile; fileRef = 02611DA51EEA5683009714B8 /* PreviewView.swift */; };
		9417AE0F202AEF84008C11E2 /* Observers.swift in Sources */ = {isa = PBXBuildFile; fileRef = 9417AE0E202AEF84008C11E2 /* Observers.swift */; };
		9417AE11202AF010008C11E2 /* VideoDataOutput.swift in Sources */ = {isa = PBXBuildFile; fileRef = 9417AE10202AF010008C11E2 /* VideoDataOutput.swift */; };
		9417AE13202AF046008C11E2 /* Orientation.swift in Sources */ = {isa = PBXBuildFile; fileRef = 9417AE12202AF046008C11E2 /* Orientation.swift */; };
		942F49EC203C68FD0020ACF1 /* Person+CoreDataProperties.swift in Sources */ = {isa = PBXBuildFile; fileRef = 942F49EA203C68FC0020ACF1 /* Person+CoreDataProperties.swift */; };
		942F49ED203C68FD0020ACF1 /* Person+CoreDataClass.swift in Sources */ = {isa = PBXBuildFile; fileRef = 942F49EB203C68FC0020ACF1 /* Person+CoreDataClass.swift */; };
		943C95AD204461B4004342C8 /* AJProgressView.swift in Sources */ = {isa = PBXBuildFile; fileRef = 943C95AC204461B3004342C8 /* AJProgressView.swift */; };
		9460F757203EB20800AB3280 /* PersonModel.swift in Sources */ = {isa = PBXBuildFile; fileRef = 9460F756203EB20800AB3280 /* PersonModel.swift */; };
		9464CAC6203B1B7D0071E9B7 /* Persons.xcdatamodeld in Sources */ = {isa = PBXBuildFile; fileRef = 9464CAC4203B1B7D0071E9B7 /* Persons.xcdatamodeld */; };
		94765CAF2046AC290035C598 /* SocialNetworks.swift in Sources */ = {isa = PBXBuildFile; fileRef = 94765CAE2046AC290035C598 /* SocialNetworks.swift */; };
		94765CB32046BA410035C598 /* ImageViewController_Parser.swift in Sources */ = {isa = PBXBuildFile; fileRef = 94765CB22046BA410035C598 /* ImageViewController_Parser.swift */; };
		94765CB82046BB690035C598 /* FacebookDelegate.swift in Sources */ = {isa = PBXBuildFile; fileRef = 94765CB72046BB690035C598 /* FacebookDelegate.swift */; };
		94765CBA2046BBB40035C598 /* TableViewDelegateDatasourse.swift in Sources */ = {isa = PBXBuildFile; fileRef = 94765CB92046BBB40035C598 /* TableViewDelegateDatasourse.swift */; };
		94765CBC2046BC040035C598 /* DrawOnBanner.swift in Sources */ = {isa = PBXBuildFile; fileRef = 94765CBB2046BC040035C598 /* DrawOnBanner.swift */; };
		94765CC02046BE7C0035C598 /* Default-568h@2x.png in Resources */ = {isa = PBXBuildFile; fileRef = 94765CBF2046BE7C0035C598 /* Default-568h@2x.png */; };
		94765CC22046D53A0035C598 /* LayHelper.swift in Sources */ = {isa = PBXBuildFile; fileRef = 94765CC12046D53A0035C598 /* LayHelper.swift */; };
		94765CC4204702900035C598 /* Face.swift in Sources */ = {isa = PBXBuildFile; fileRef = 94765CC3204702900035C598 /* Face.swift */; };
		94ABFAF8202B2C3B00951FF5 /* ImageViewController.swift in Sources */ = {isa = PBXBuildFile; fileRef = 94ABFAF7202B2C3B00951FF5 /* ImageViewController.swift */; };
		94B2592B203AD04300ECEFEE /* CheckViewController.swift in Sources */ = {isa = PBXBuildFile; fileRef = 94B2592A203AD04300ECEFEE /* CheckViewController.swift */; };
		94B2592D203AD05800ECEFEE /* ResultViewController.swift in Sources */ = {isa = PBXBuildFile; fileRef = 94B2592C203AD05800ECEFEE /* ResultViewController.swift */; };
		94CF06C4203580D000F8E0E4 /* AppConstans.swift in Sources */ = {isa = PBXBuildFile; fileRef = 94CF06C3203580D000F8E0E4 /* AppConstans.swift */; };
		94CF06C6203594ED00F8E0E4 /* FaceApi.swift in Sources */ = {isa = PBXBuildFile; fileRef = 94CF06C5203594ED00F8E0E4 /* FaceApi.swift */; };
		94DD1A932035BEAC00705DA6 /* Extentions.swift in Sources */ = {isa = PBXBuildFile; fileRef = 94DD1A922035BEAC00705DA6 /* Extentions.swift */; };
		94DDAA5920343DD100460137 /* ImagePicker.swift in Sources */ = {isa = PBXBuildFile; fileRef = 94DDAA5820343DD100460137 /* ImagePicker.swift */; };
		C9811A0EF828871693E864F5 /* Pods_FacesDetection.framework in Frameworks */ = {isa = PBXBuildFile; fileRef = 93F41CB515836F6B17A8F7D0 /* Pods_FacesDetection.framework */; };
/* End PBXBuildFile section */

/* Begin PBXFileReference section */
		02611D901EEA5317009714B8 /* Faces.app */ = {isa = PBXFileReference; explicitFileType = wrapper.application; includeInIndex = 0; path = Faces.app; sourceTree = BUILT_PRODUCTS_DIR; };
		02611D931EEA5317009714B8 /* AppDelegate.swift */ = {isa = PBXFileReference; lastKnownFileType = sourcecode.swift; path = AppDelegate.swift; sourceTree = "<group>"; };
		02611D951EEA5317009714B8 /* ViewController.swift */ = {isa = PBXFileReference; lastKnownFileType = sourcecode.swift; path = ViewController.swift; sourceTree = "<group>"; };
		02611D981EEA5317009714B8 /* Base */ = {isa = PBXFileReference; lastKnownFileType = file.storyboard; name = Base; path = Base.lproj/Main.storyboard; sourceTree = "<group>"; };
		02611D9A1EEA5317009714B8 /* Assets.xcassets */ = {isa = PBXFileReference; lastKnownFileType = folder.assetcatalog; path = Assets.xcassets; sourceTree = "<group>"; };
		02611D9D1EEA5317009714B8 /* Base */ = {isa = PBXFileReference; lastKnownFileType = file.storyboard; name = Base; path = Base.lproj/LaunchScreen.storyboard; sourceTree = "<group>"; };
		02611D9F1EEA5317009714B8 /* Info.plist */ = {isa = PBXFileReference; lastKnownFileType = text.plist.xml; path = Info.plist; sourceTree = "<group>"; };
		02611DA51EEA5683009714B8 /* PreviewView.swift */ = {isa = PBXFileReference; lastKnownFileType = sourcecode.swift; path = PreviewView.swift; sourceTree = "<group>"; };
		7AC50D0CD4BBA0EE0C4FB140 /* Pods-FacesDetection.debug.xcconfig */ = {isa = PBXFileReference; includeInIndex = 1; lastKnownFileType = text.xcconfig; name = "Pods-FacesDetection.debug.xcconfig"; path = "Pods/Target Support Files/Pods-FacesDetection/Pods-FacesDetection.debug.xcconfig"; sourceTree = "<group>"; };
		82B19911C2CED1E0C7CF5D3D /* Pods-FacesDetection.release.xcconfig */ = {isa = PBXFileReference; includeInIndex = 1; lastKnownFileType = text.xcconfig; name = "Pods-FacesDetection.release.xcconfig"; path = "Pods/Target Support Files/Pods-FacesDetection/Pods-FacesDetection.release.xcconfig"; sourceTree = "<group>"; };
		93F41CB515836F6B17A8F7D0 /* Pods_FacesDetection.framework */ = {isa = PBXFileReference; explicitFileType = wrapper.framework; includeInIndex = 0; path = Pods_FacesDetection.framework; sourceTree = BUILT_PRODUCTS_DIR; };
		9417AE0E202AEF84008C11E2 /* Observers.swift */ = {isa = PBXFileReference; lastKnownFileType = sourcecode.swift; path = Observers.swift; sourceTree = "<group>"; };
		9417AE10202AF010008C11E2 /* VideoDataOutput.swift */ = {isa = PBXFileReference; lastKnownFileType = sourcecode.swift; path = VideoDataOutput.swift; sourceTree = "<group>"; };
		9417AE12202AF046008C11E2 /* Orientation.swift */ = {isa = PBXFileReference; lastKnownFileType = sourcecode.swift; path = Orientation.swift; sourceTree = "<group>"; };
		942F49EA203C68FC0020ACF1 /* Person+CoreDataProperties.swift */ = {isa = PBXFileReference; fileEncoding = 4; lastKnownFileType = sourcecode.swift; path = "Person+CoreDataProperties.swift"; sourceTree = "<group>"; };
		942F49EB203C68FC0020ACF1 /* Person+CoreDataClass.swift */ = {isa = PBXFileReference; fileEncoding = 4; lastKnownFileType = sourcecode.swift; path = "Person+CoreDataClass.swift"; sourceTree = "<group>"; };
		943C95AC204461B3004342C8 /* AJProgressView.swift */ = {isa = PBXFileReference; lastKnownFileType = sourcecode.swift; path = AJProgressView.swift; sourceTree = "<group>"; };
		9460F756203EB20800AB3280 /* PersonModel.swift */ = {isa = PBXFileReference; lastKnownFileType = sourcecode.swift; path = PersonModel.swift; sourceTree = "<group>"; };
		9464CAC5203B1B7D0071E9B7 /* Persons.xcdatamodel */ = {isa = PBXFileReference; lastKnownFileType = wrapper.xcdatamodel; path = Persons.xcdatamodel; sourceTree = "<group>"; };
		94765CAE2046AC290035C598 /* SocialNetworks.swift */ = {isa = PBXFileReference; lastKnownFileType = sourcecode.swift; path = SocialNetworks.swift; sourceTree = "<group>"; };
		94765CB22046BA410035C598 /* ImageViewController_Parser.swift */ = {isa = PBXFileReference; lastKnownFileType = sourcecode.swift; path = ImageViewController_Parser.swift; sourceTree = "<group>"; };
		94765CB72046BB690035C598 /* FacebookDelegate.swift */ = {isa = PBXFileReference; lastKnownFileType = sourcecode.swift; path = FacebookDelegate.swift; sourceTree = "<group>"; };
		94765CB92046BBB40035C598 /* TableViewDelegateDatasourse.swift */ = {isa = PBXFileReference; lastKnownFileType = sourcecode.swift; path = TableViewDelegateDatasourse.swift; sourceTree = "<group>"; };
		94765CBB2046BC040035C598 /* DrawOnBanner.swift */ = {isa = PBXFileReference; lastKnownFileType = sourcecode.swift; path = DrawOnBanner.swift; sourceTree = "<group>"; };
		94765CBF2046BE7C0035C598 /* Default-568h@2x.png */ = {isa = PBXFileReference; lastKnownFileType = image.png; path = "Default-568h@2x.png"; sourceTree = "<group>"; };
		94765CC12046D53A0035C598 /* LayHelper.swift */ = {isa = PBXFileReference; lastKnownFileType = sourcecode.swift; path = LayHelper.swift; sourceTree = "<group>"; };
		94765CC3204702900035C598 /* Face.swift */ = {isa = PBXFileReference; lastKnownFileType = sourcecode.swift; path = Face.swift; sourceTree = "<group>"; };
		94ABFAF7202B2C3B00951FF5 /* ImageViewController.swift */ = {isa = PBXFileReference; lastKnownFileType = sourcecode.swift; path = ImageViewController.swift; sourceTree = "<group>"; };
		94B2592A203AD04300ECEFEE /* CheckViewController.swift */ = {isa = PBXFileReference; lastKnownFileType = sourcecode.swift; path = CheckViewController.swift; sourceTree = "<group>"; };
		94B2592C203AD05800ECEFEE /* ResultViewController.swift */ = {isa = PBXFileReference; lastKnownFileType = sourcecode.swift; path = ResultViewController.swift; sourceTree = "<group>"; };
		94CF06C3203580D000F8E0E4 /* AppConstans.swift */ = {isa = PBXFileReference; lastKnownFileType = sourcecode.swift; path = AppConstans.swift; sourceTree = "<group>"; };
		94CF06C5203594ED00F8E0E4 /* FaceApi.swift */ = {isa = PBXFileReference; lastKnownFileType = sourcecode.swift; path = FaceApi.swift; sourceTree = "<group>"; };
		94DD1A922035BEAC00705DA6 /* Extentions.swift */ = {isa = PBXFileReference; lastKnownFileType = sourcecode.swift; path = Extentions.swift; sourceTree = "<group>"; };
		94DDAA5820343DD100460137 /* ImagePicker.swift */ = {isa = PBXFileReference; fileEncoding = 4; lastKnownFileType = sourcecode.swift; path = ImagePicker.swift; sourceTree = "<group>"; };
/* End PBXFileReference section */

/* Begin PBXFrameworksBuildPhase section */
		02611D8D1EEA5317009714B8 /* Frameworks */ = {
			isa = PBXFrameworksBuildPhase;
			buildActionMask = 2147483647;
			files = (
				C9811A0EF828871693E864F5 /* Pods_FacesDetection.framework in Frameworks */,
			);
			runOnlyForDeploymentPostprocessing = 0;
		};
/* End PBXFrameworksBuildPhase section */

/* Begin PBXGroup section */
		02611D871EEA5317009714B8 = {
			isa = PBXGroup;
			children = (
				02611D921EEA5317009714B8 /* FACES */,
				02611D911EEA5317009714B8 /* Products */,
				94DDAA5A20347F5200460137 /* Frameworks */,
				E44D2D85BF604BEE2757D5B1 /* Pods */,
			);
			sourceTree = "<group>";
		};
		02611D911EEA5317009714B8 /* Products */ = {
			isa = PBXGroup;
			children = (
				02611D901EEA5317009714B8 /* Faces.app */,
			);
			name = Products;
			sourceTree = "<group>";
		};
		02611D921EEA5317009714B8 /* FACES */ = {
			isa = PBXGroup;
			children = (
				02611D931EEA5317009714B8 /* AppDelegate.swift */,
				02611D971EEA5317009714B8 /* Main.storyboard */,
				9417AE16202AF1F5008C11E2 /* 1_DetectionFace_Online */,
				94765CB42046BA940035C598 /* 2_ApproveImage */,
				94765CB52046BAE70035C598 /* 3_PositiveOrNegative */,
				94765CB62046BB350035C598 /* 4_ResultBunner */,
				94765CB12046B9B70035C598 /* CoreDataModel */,
				94CF06C22035809500F8E0E4 /* MicrosoftFaceApi */,
				94765CBD2046BC3B0035C598 /* Others */,
				94765CBE2046BCA20035C598 /* SupportFiles */,
			);
			path = FACES;
			sourceTree = "<group>";
		};
		9417AE16202AF1F5008C11E2 /* 1_DetectionFace_Online */ = {
			isa = PBXGroup;
			children = (
				02611D951EEA5317009714B8 /* ViewController.swift */,
				9417AE0E202AEF84008C11E2 /* Observers.swift */,
				9417AE10202AF010008C11E2 /* VideoDataOutput.swift */,
				9417AE12202AF046008C11E2 /* Orientation.swift */,
				94DDAA5820343DD100460137 /* ImagePicker.swift */,
				02611DA51EEA5683009714B8 /* PreviewView.swift */,
			);
			path = 1_DetectionFace_Online;
			sourceTree = "<group>";
		};
		94765CB12046B9B70035C598 /* CoreDataModel */ = {
			isa = PBXGroup;
			children = (
				942F49EB203C68FC0020ACF1 /* Person+CoreDataClass.swift */,
				942F49EA203C68FC0020ACF1 /* Person+CoreDataProperties.swift */,
			);
			path = CoreDataModel;
			sourceTree = "<group>";
		};
		94765CB42046BA940035C598 /* 2_ApproveImage */ = {
			isa = PBXGroup;
			children = (
				94ABFAF7202B2C3B00951FF5 /* ImageViewController.swift */,
				94765CB22046BA410035C598 /* ImageViewController_Parser.swift */,
			);
			path = 2_ApproveImage;
			sourceTree = "<group>";
		};
		94765CB52046BAE70035C598 /* 3_PositiveOrNegative */ = {
			isa = PBXGroup;
			children = (
				94B2592A203AD04300ECEFEE /* CheckViewController.swift */,
			);
			path = 3_PositiveOrNegative;
			sourceTree = "<group>";
		};
		94765CB62046BB350035C598 /* 4_ResultBunner */ = {
			isa = PBXGroup;
			children = (
				94B2592C203AD05800ECEFEE /* ResultViewController.swift */,
				94765CB92046BBB40035C598 /* TableViewDelegateDatasourse.swift */,
				94765CB72046BB690035C598 /* FacebookDelegate.swift */,
				94765CBB2046BC040035C598 /* DrawOnBanner.swift */,
			);
			path = 4_ResultBunner;
			sourceTree = "<group>";
		};
		94765CBD2046BC3B0035C598 /* Others */ = {
			isa = PBXGroup;
			children = (
				94765CAE2046AC290035C598 /* SocialNetworks.swift */,
				9460F756203EB20800AB3280 /* PersonModel.swift */,
				94765CC3204702900035C598 /* Face.swift */,
				94765CC12046D53A0035C598 /* LayHelper.swift */,
				943C95AC204461B3004342C8 /* AJProgressView.swift */,
				94DD1A922035BEAC00705DA6 /* Extentions.swift */,
			);
			path = Others;
			sourceTree = "<group>";
		};
		94765CBE2046BCA20035C598 /* SupportFiles */ = {
			isa = PBXGroup;
			children = (
				94765CBF2046BE7C0035C598 /* Default-568h@2x.png */,
				02611D9A1EEA5317009714B8 /* Assets.xcassets */,
				02611D9C1EEA5317009714B8 /* LaunchScreen.storyboard */,
				02611D9F1EEA5317009714B8 /* Info.plist */,
				9464CAC4203B1B7D0071E9B7 /* Persons.xcdatamodeld */,
			);
			path = SupportFiles;
			sourceTree = "<group>";
		};
		94CF06C22035809500F8E0E4 /* MicrosoftFaceApi */ = {
			isa = PBXGroup;
			children = (
				94CF06C3203580D000F8E0E4 /* AppConstans.swift */,
				94CF06C5203594ED00F8E0E4 /* FaceApi.swift */,
			);
			path = MicrosoftFaceApi;
			sourceTree = "<group>";
		};
		94DDAA5A20347F5200460137 /* Frameworks */ = {
			isa = PBXGroup;
			children = (
				93F41CB515836F6B17A8F7D0 /* Pods_FacesDetection.framework */,
			);
			name = Frameworks;
			sourceTree = "<group>";
		};
		E44D2D85BF604BEE2757D5B1 /* Pods */ = {
			isa = PBXGroup;
			children = (
				7AC50D0CD4BBA0EE0C4FB140 /* Pods-FacesDetection.debug.xcconfig */,
				82B19911C2CED1E0C7CF5D3D /* Pods-FacesDetection.release.xcconfig */,
			);
			name = Pods;
			sourceTree = "<group>";
		};
/* End PBXGroup section */

/* Begin PBXNativeTarget section */
		02611D8F1EEA5317009714B8 /* Faces */ = {
			isa = PBXNativeTarget;
			buildConfigurationList = 02611DA21EEA5317009714B8 /* Build configuration list for PBXNativeTarget "Faces" */;
			buildPhases = (
				DC8A1420AE0FDC50AE01E338 /* [CP] Check Pods Manifest.lock */,
				02611D8C1EEA5317009714B8 /* Sources */,
				02611D8D1EEA5317009714B8 /* Frameworks */,
				02611D8E1EEA5317009714B8 /* Resources */,
				0ACC51829A1CF633520333E4 /* [CP] Embed Pods Frameworks */,
				1C8770380B20A5BF017A1C5B /* [CP] Copy Pods Resources */,
			);
			buildRules = (
			);
			dependencies = (
			);
			name = Faces;
			productName = VisionDetection;
			productReference = 02611D901EEA5317009714B8 /* Faces.app */;
			productType = "com.apple.product-type.application";
		};
/* End PBXNativeTarget section */

/* Begin PBXProject section */
		02611D881EEA5317009714B8 /* Project object */ = {
			isa = PBXProject;
			attributes = {
				LastSwiftUpdateCheck = 0900;
				LastUpgradeCheck = 0920;
				ORGANIZATIONNAME = Willjay;
				TargetAttributes = {
					02611D8F1EEA5317009714B8 = {
						CreatedOnToolsVersion = 9.0;
					};
				};
			};
			buildConfigurationList = 02611D8B1EEA5317009714B8 /* Build configuration list for PBXProject "Faces" */;
			compatibilityVersion = "Xcode 8.0";
			developmentRegion = en;
			hasScannedForEncodings = 0;
			knownRegions = (
				en,
				Base,
				de,
				uk,
				es,
				it,
				be,
				ru,
				fi,
			);
			mainGroup = 02611D871EEA5317009714B8;
			productRefGroup = 02611D911EEA5317009714B8 /* Products */;
			projectDirPath = "";
			projectRoot = "";
			targets = (
				02611D8F1EEA5317009714B8 /* Faces */,
			);
		};
/* End PBXProject section */

/* Begin PBXResourcesBuildPhase section */
		02611D8E1EEA5317009714B8 /* Resources */ = {
			isa = PBXResourcesBuildPhase;
			buildActionMask = 2147483647;
			files = (
				02611D9E1EEA5317009714B8 /* LaunchScreen.storyboard in Resources */,
				94765CC02046BE7C0035C598 /* Default-568h@2x.png in Resources */,
				02611D9B1EEA5317009714B8 /* Assets.xcassets in Resources */,
				02611D991EEA5317009714B8 /* Main.storyboard in Resources */,
			);
			runOnlyForDeploymentPostprocessing = 0;
		};
/* End PBXResourcesBuildPhase section */

/* Begin PBXShellScriptBuildPhase section */
		0ACC51829A1CF633520333E4 /* [CP] Embed Pods Frameworks */ = {
			isa = PBXShellScriptBuildPhase;
			buildActionMask = 2147483647;
			files = (
			);
			inputPaths = (
				"${SRCROOT}/Pods/Target Support Files/Pods-FacesDetection/Pods-FacesDetection-frameworks.sh",
				"${BUILT_PRODUCTS_DIR}/Bolts/Bolts.framework",
				"${BUILT_PRODUCTS_DIR}/FBSDKCoreKit/FBSDKCoreKit.framework",
				"${BUILT_PRODUCTS_DIR}/FBSDKShareKit/FBSDKShareKit.framework",
				"${BUILT_PRODUCTS_DIR}/FaceCropper/FaceCropper.framework",
				"${BUILT_PRODUCTS_DIR}/FacebookCore/FacebookCore.framework",
				"${BUILT_PRODUCTS_DIR}/FacebookShare/FacebookShare.framework",
				"${PODS_ROOT}/TwitterCore/iOS/TwitterCore.framework",
				"${PODS_ROOT}/TwitterKit/iOS/TwitterKit.framework",
				"${BUILT_PRODUCTS_DIR}/VK-ios-sdk/VK_ios_sdk.framework",
			);
			name = "[CP] Embed Pods Frameworks";
			outputPaths = (
				"${TARGET_BUILD_DIR}/${FRAMEWORKS_FOLDER_PATH}/Bolts.framework",
				"${TARGET_BUILD_DIR}/${FRAMEWORKS_FOLDER_PATH}/FBSDKCoreKit.framework",
				"${TARGET_BUILD_DIR}/${FRAMEWORKS_FOLDER_PATH}/FBSDKShareKit.framework",
				"${TARGET_BUILD_DIR}/${FRAMEWORKS_FOLDER_PATH}/FaceCropper.framework",
				"${TARGET_BUILD_DIR}/${FRAMEWORKS_FOLDER_PATH}/FacebookCore.framework",
				"${TARGET_BUILD_DIR}/${FRAMEWORKS_FOLDER_PATH}/FacebookShare.framework",
				"${TARGET_BUILD_DIR}/${FRAMEWORKS_FOLDER_PATH}/TwitterCore.framework",
				"${TARGET_BUILD_DIR}/${FRAMEWORKS_FOLDER_PATH}/TwitterKit.framework",
				"${TARGET_BUILD_DIR}/${FRAMEWORKS_FOLDER_PATH}/VK_ios_sdk.framework",
			);
			runOnlyForDeploymentPostprocessing = 0;
			shellPath = /bin/sh;
			shellScript = "\"${SRCROOT}/Pods/Target Support Files/Pods-FacesDetection/Pods-FacesDetection-frameworks.sh\"\n";
			showEnvVarsInLog = 0;
		};
		1C8770380B20A5BF017A1C5B /* [CP] Copy Pods Resources */ = {
			isa = PBXShellScriptBuildPhase;
			buildActionMask = 2147483647;
			files = (
			);
			inputPaths = (
				"${SRCROOT}/Pods/Target Support Files/Pods-FacesDetection/Pods-FacesDetection-resources.sh",
				"${PODS_ROOT}/TwitterKit/iOS/TwitterKit.framework/TwitterKitResources.bundle",
				"${PODS_ROOT}/TwitterKit/iOS/TwitterKit.framework/TwitterShareExtensionUIResources.bundle",
			);
			name = "[CP] Copy Pods Resources";
			outputPaths = (
				"${TARGET_BUILD_DIR}/${UNLOCALIZED_RESOURCES_FOLDER_PATH}",
			);
			runOnlyForDeploymentPostprocessing = 0;
			shellPath = /bin/sh;
			shellScript = "\"${SRCROOT}/Pods/Target Support Files/Pods-FacesDetection/Pods-FacesDetection-resources.sh\"\n";
			showEnvVarsInLog = 0;
		};
		DC8A1420AE0FDC50AE01E338 /* [CP] Check Pods Manifest.lock */ = {
			isa = PBXShellScriptBuildPhase;
			buildActionMask = 2147483647;
			files = (
			);
			inputPaths = (
				"${PODS_PODFILE_DIR_PATH}/Podfile.lock",
				"${PODS_ROOT}/Manifest.lock",
			);
			name = "[CP] Check Pods Manifest.lock";
			outputPaths = (
				"$(DERIVED_FILE_DIR)/Pods-FacesDetection-checkManifestLockResult.txt",
			);
			runOnlyForDeploymentPostprocessing = 0;
			shellPath = /bin/sh;
			shellScript = "diff \"${PODS_PODFILE_DIR_PATH}/Podfile.lock\" \"${PODS_ROOT}/Manifest.lock\" > /dev/null\nif [ $? != 0 ] ; then\n    # print error to STDERR\n    echo \"error: The sandbox is not in sync with the Podfile.lock. Run 'pod install' or update your CocoaPods installation.\" >&2\n    exit 1\nfi\n# This output is used by Xcode 'outputs' to avoid re-running this script phase.\necho \"SUCCESS\" > \"${SCRIPT_OUTPUT_FILE_0}\"\n";
			showEnvVarsInLog = 0;
		};
/* End PBXShellScriptBuildPhase section */

/* Begin PBXSourcesBuildPhase section */
		02611D8C1EEA5317009714B8 /* Sources */ = {
			isa = PBXSourcesBuildPhase;
			buildActionMask = 2147483647;
			files = (
				94765CC22046D53A0035C598 /* LayHelper.swift in Sources */,
				94CF06C4203580D000F8E0E4 /* AppConstans.swift in Sources */,
				943C95AD204461B4004342C8 /* AJProgressView.swift in Sources */,
				02611D961EEA5317009714B8 /* ViewController.swift in Sources */,
				9417AE11202AF010008C11E2 /* VideoDataOutput.swift in Sources */,
				94CF06C6203594ED00F8E0E4 /* FaceApi.swift in Sources */,
				94765CBC2046BC040035C598 /* DrawOnBanner.swift in Sources */,
				942F49EC203C68FD0020ACF1 /* Person+CoreDataProperties.swift in Sources */,
				94B2592D203AD05800ECEFEE /* ResultViewController.swift in Sources */,
				9464CAC6203B1B7D0071E9B7 /* Persons.xcdatamodeld in Sources */,
				9417AE0F202AEF84008C11E2 /* Observers.swift in Sources */,
				94DDAA5920343DD100460137 /* ImagePicker.swift in Sources */,
				94765CC4204702900035C598 /* Face.swift in Sources */,
				94765CB32046BA410035C598 /* ImageViewController_Parser.swift in Sources */,
				02611D941EEA5317009714B8 /* AppDelegate.swift in Sources */,
				94DD1A932035BEAC00705DA6 /* Extentions.swift in Sources */,
				94765CAF2046AC290035C598 /* SocialNetworks.swift in Sources */,
				94765CB82046BB690035C598 /* FacebookDelegate.swift in Sources */,
				9417AE13202AF046008C11E2 /* Orientation.swift in Sources */,
				942F49ED203C68FD0020ACF1 /* Person+CoreDataClass.swift in Sources */,
				94ABFAF8202B2C3B00951FF5 /* ImageViewController.swift in Sources */,
				9460F757203EB20800AB3280 /* PersonModel.swift in Sources */,
				02611DA61EEA5683009714B8 /* PreviewView.swift in Sources */,
				94B2592B203AD04300ECEFEE /* CheckViewController.swift in Sources */,
				94765CBA2046BBB40035C598 /* TableViewDelegateDatasourse.swift in Sources */,
			);
			runOnlyForDeploymentPostprocessing = 0;
		};
/* End PBXSourcesBuildPhase section */

/* Begin PBXVariantGroup section */
		02611D971EEA5317009714B8 /* Main.storyboard */ = {
			isa = PBXVariantGroup;
			children = (
				02611D981EEA5317009714B8 /* Base */,
			);
			name = Main.storyboard;
			sourceTree = "<group>";
		};
		02611D9C1EEA5317009714B8 /* LaunchScreen.storyboard */ = {
			isa = PBXVariantGroup;
			children = (
				02611D9D1EEA5317009714B8 /* Base */,
			);
			name = LaunchScreen.storyboard;
			sourceTree = "<group>";
		};
/* End PBXVariantGroup section */

/* Begin XCBuildConfiguration section */
		02611DA01EEA5317009714B8 /* Debug */ = {
			isa = XCBuildConfiguration;
			buildSettings = {
				ALWAYS_SEARCH_USER_PATHS = NO;
				CLANG_ANALYZER_LOCALIZABILITY_NONLOCALIZED = YES;
				CLANG_ANALYZER_NONNULL = YES;
				CLANG_ANALYZER_NUMBER_OBJECT_CONVERSION = YES_AGGRESSIVE;
				CLANG_CXX_LANGUAGE_STANDARD = "gnu++14";
				CLANG_CXX_LIBRARY = "libc++";
				CLANG_ENABLE_MODULES = YES;
				CLANG_ENABLE_OBJC_ARC = YES;
				CLANG_WARN_BLOCK_CAPTURE_AUTORELEASING = YES;
				CLANG_WARN_BOOL_CONVERSION = YES;
				CLANG_WARN_COMMA = YES;
				CLANG_WARN_CONSTANT_CONVERSION = YES;
				CLANG_WARN_DIRECT_OBJC_ISA_USAGE = YES_ERROR;
				CLANG_WARN_DOCUMENTATION_COMMENTS = YES;
				CLANG_WARN_EMPTY_BODY = YES;
				CLANG_WARN_ENUM_CONVERSION = YES;
				CLANG_WARN_INFINITE_RECURSION = YES;
				CLANG_WARN_INT_CONVERSION = YES;
				CLANG_WARN_NON_LITERAL_NULL_CONVERSION = YES;
				CLANG_WARN_OBJC_LITERAL_CONVERSION = YES;
				CLANG_WARN_OBJC_ROOT_CLASS = YES_ERROR;
				CLANG_WARN_RANGE_LOOP_ANALYSIS = YES;
				CLANG_WARN_STRICT_PROTOTYPES = YES;
				CLANG_WARN_SUSPICIOUS_MOVE = YES;
				CLANG_WARN_UNGUARDED_AVAILABILITY = YES_AGGRESSIVE;
				CLANG_WARN_UNREACHABLE_CODE = YES;
				CLANG_WARN__DUPLICATE_METHOD_MATCH = YES;
				CODE_SIGN_IDENTITY = "iPhone Developer";
				COPY_PHASE_STRIP = NO;
				DEBUG_INFORMATION_FORMAT = dwarf;
				ENABLE_STRICT_OBJC_MSGSEND = YES;
				ENABLE_TESTABILITY = YES;
				GCC_C_LANGUAGE_STANDARD = gnu11;
				GCC_DYNAMIC_NO_PIC = NO;
				GCC_NO_COMMON_BLOCKS = YES;
				GCC_OPTIMIZATION_LEVEL = 0;
				GCC_PREPROCESSOR_DEFINITIONS = (
					"DEBUG=1",
					"$(inherited)",
				);
				GCC_WARN_64_TO_32_BIT_CONVERSION = YES;
				GCC_WARN_ABOUT_RETURN_TYPE = YES_ERROR;
				GCC_WARN_UNDECLARED_SELECTOR = YES;
				GCC_WARN_UNINITIALIZED_AUTOS = YES_AGGRESSIVE;
				GCC_WARN_UNUSED_FUNCTION = YES;
				GCC_WARN_UNUSED_VARIABLE = YES;
				IPHONEOS_DEPLOYMENT_TARGET = 11.0;
				MTL_ENABLE_DEBUG_INFO = YES;
				ONLY_ACTIVE_ARCH = YES;
				SDKROOT = iphoneos;
				SWIFT_ACTIVE_COMPILATION_CONDITIONS = DEBUG;
				SWIFT_OPTIMIZATION_LEVEL = "-Onone";
			};
			name = Debug;
		};
		02611DA11EEA5317009714B8 /* Release */ = {
			isa = XCBuildConfiguration;
			buildSettings = {
				ALWAYS_SEARCH_USER_PATHS = NO;
				CLANG_ANALYZER_LOCALIZABILITY_NONLOCALIZED = YES;
				CLANG_ANALYZER_NONNULL = YES;
				CLANG_ANALYZER_NUMBER_OBJECT_CONVERSION = YES_AGGRESSIVE;
				CLANG_CXX_LANGUAGE_STANDARD = "gnu++14";
				CLANG_CXX_LIBRARY = "libc++";
				CLANG_ENABLE_MODULES = YES;
				CLANG_ENABLE_OBJC_ARC = YES;
				CLANG_WARN_BLOCK_CAPTURE_AUTORELEASING = YES;
				CLANG_WARN_BOOL_CONVERSION = YES;
				CLANG_WARN_COMMA = YES;
				CLANG_WARN_CONSTANT_CONVERSION = YES;
				CLANG_WARN_DIRECT_OBJC_ISA_USAGE = YES_ERROR;
				CLANG_WARN_DOCUMENTATION_COMMENTS = YES;
				CLANG_WARN_EMPTY_BODY = YES;
				CLANG_WARN_ENUM_CONVERSION = YES;
				CLANG_WARN_INFINITE_RECURSION = YES;
				CLANG_WARN_INT_CONVERSION = YES;
				CLANG_WARN_NON_LITERAL_NULL_CONVERSION = YES;
				CLANG_WARN_OBJC_LITERAL_CONVERSION = YES;
				CLANG_WARN_OBJC_ROOT_CLASS = YES_ERROR;
				CLANG_WARN_RANGE_LOOP_ANALYSIS = YES;
				CLANG_WARN_STRICT_PROTOTYPES = YES;
				CLANG_WARN_SUSPICIOUS_MOVE = YES;
				CLANG_WARN_UNGUARDED_AVAILABILITY = YES_AGGRESSIVE;
				CLANG_WARN_UNREACHABLE_CODE = YES;
				CLANG_WARN__DUPLICATE_METHOD_MATCH = YES;
				CODE_SIGN_IDENTITY = "iPhone Developer";
				COPY_PHASE_STRIP = NO;
				DEBUG_INFORMATION_FORMAT = "dwarf-with-dsym";
				ENABLE_NS_ASSERTIONS = NO;
				ENABLE_STRICT_OBJC_MSGSEND = YES;
				GCC_C_LANGUAGE_STANDARD = gnu11;
				GCC_NO_COMMON_BLOCKS = YES;
				GCC_WARN_64_TO_32_BIT_CONVERSION = YES;
				GCC_WARN_ABOUT_RETURN_TYPE = YES_ERROR;
				GCC_WARN_UNDECLARED_SELECTOR = YES;
				GCC_WARN_UNINITIALIZED_AUTOS = YES_AGGRESSIVE;
				GCC_WARN_UNUSED_FUNCTION = YES;
				GCC_WARN_UNUSED_VARIABLE = YES;
				IPHONEOS_DEPLOYMENT_TARGET = 11.0;
				MTL_ENABLE_DEBUG_INFO = NO;
				SDKROOT = iphoneos;
				SWIFT_OPTIMIZATION_LEVEL = "-Owholemodule";
				VALIDATE_PRODUCT = YES;
			};
			name = Release;
		};
		02611DA31EEA5317009714B8 /* Debug */ = {
			isa = XCBuildConfiguration;
			baseConfigurationReference = 7AC50D0CD4BBA0EE0C4FB140 /* Pods-FacesDetection.debug.xcconfig */;
			buildSettings = {
				ASSETCATALOG_COMPILER_APPICON_NAME = AppIcon;
				DEVELOPMENT_TEAM = AV23R78L97;
				INFOPLIST_FILE = "$(SRCROOT)/FACES/SupportFiles/Info.plist";
				LD_RUNPATH_SEARCH_PATHS = "$(inherited) @executable_path/Frameworks";
				PRODUCT_BUNDLE_IDENTIFIER = com.vladimirus.FacesDetection;
				PRODUCT_NAME = "$(TARGET_NAME)";
				SWIFT_VERSION = 4.0;
				TARGETED_DEVICE_FAMILY = "1,2";
			};
			name = Debug;
		};
		02611DA41EEA5317009714B8 /* Release */ = {
			isa = XCBuildConfiguration;
			baseConfigurationReference = 82B19911C2CED1E0C7CF5D3D /* Pods-FacesDetection.release.xcconfig */;
			buildSettings = {
				ASSETCATALOG_COMPILER_APPICON_NAME = AppIcon;
				DEVELOPMENT_TEAM = AV23R78L97;
				INFOPLIST_FILE = "$(SRCROOT)/FACES/SupportFiles/Info.plist";
				LD_RUNPATH_SEARCH_PATHS = "$(inherited) @executable_path/Frameworks";
				PRODUCT_BUNDLE_IDENTIFIER = com.vladimirus.FacesDetection;
				PRODUCT_NAME = "$(TARGET_NAME)";
				SWIFT_VERSION = 4.0;
				TARGETED_DEVICE_FAMILY = "1,2";
			};
			name = Release;
		};
/* End XCBuildConfiguration section */

/* Begin XCConfigurationList section */
		02611D8B1EEA5317009714B8 /* Build configuration list for PBXProject "Faces" */ = {
			isa = XCConfigurationList;
			buildConfigurations = (
				02611DA01EEA5317009714B8 /* Debug */,
				02611DA11EEA5317009714B8 /* Release */,
			);
			defaultConfigurationIsVisible = 0;
			defaultConfigurationName = Release;
		};
		02611DA21EEA5317009714B8 /* Build configuration list for PBXNativeTarget "Faces" */ = {
			isa = XCConfigurationList;
			buildConfigurations = (
				02611DA31EEA5317009714B8 /* Debug */,
				02611DA41EEA5317009714B8 /* Release */,
			);
			defaultConfigurationIsVisible = 0;
			defaultConfigurationName = Release;
		};
/* End XCConfigurationList section */

/* Begin XCVersionGroup section */
		9464CAC4203B1B7D0071E9B7 /* Persons.xcdatamodeld */ = {
			isa = XCVersionGroup;
			children = (
				9464CAC5203B1B7D0071E9B7 /* Persons.xcdatamodel */,
			);
			currentVersion = 9464CAC5203B1B7D0071E9B7 /* Persons.xcdatamodel */;
			path = Persons.xcdatamodeld;
			sourceTree = "<group>";
			versionGroupType = wrapper.xcdatamodel;
		};
/* End XCVersionGroup section */
	};
	rootObject = 02611D881EEA5317009714B8 /* Project object */;
}
